
Microsoft Visual Studio Solution File, Format Version 12.00
# Visual Studio 14
VisualStudioVersion = 14.0.22512.0
MinimumVisualStudioVersion = 10.0.40219.1
Project("{FAE04EC0-301F-11D3-BF4B-00C04F79EFBC}") = "HSData", "HSData\HSData.csproj", "{86646248-3A8C-48B8-AA87-E321FBEB24E4}"
EndProject
Project("{FAE04EC0-301F-11D3-BF4B-00C04F79EFBC}") = "HSDataTest", "HSDataTest\HSDataTest.csproj", "{FCACF8CD-7B8D-41E3-9647-715E2E505028}"
EndProject
Project("{FAE04EC0-301F-11D3-BF4B-00C04F79EFBC}") = "HSRepository", "HSRepository\HSRepository.csproj", "{F2B4C916-BED0-4F7C-AA37-BFB3E1E04701}"
EndProject
Project("{FAE04EC0-301F-11D3-BF4B-00C04F79EFBC}") = "Localization", "Localization\Localization.csproj", "{A345410B-9357-493E-89F4-0BD33C9B6FC4}"
EndProject
Global
	GlobalSection(SolutionConfigurationPlatforms) = preSolution
		Debug|Any CPU = Debug|Any CPU
		Release|Any CPU = Release|Any CPU
	EndGlobalSection
	GlobalSection(ProjectConfigurationPlatforms) = postSolution
		{86646248-3A8C-48B8-AA87-E321FBEB24E4}.Debug|Any CPU.ActiveCfg = Debug|Any CPU
		{86646248-3A8C-48B8-AA87-E321FBEB24E4}.Debug|Any CPU.Build.0 = Debug|Any CPU
		{86646248-3A8C-48B8-AA87-E321FBEB24E4}.Release|Any CPU.ActiveCfg = Release|Any CPU
		{86646248-3A8C-48B8-AA87-E321FBEB24E4}.Release|Any CPU.Build.0 = Release|Any CPU
		{FCACF8CD-7B8D-41E3-9647-715E2E505028}.Debug|Any CPU.ActiveCfg = Debug|Any CPU
		{FCACF8CD-7B8D-41E3-9647-715E2E505028}.Debug|Any CPU.Build.0 = Debug|Any CPU
		{FCACF8CD-7B8D-41E3-9647-715E2E505028}.Release|Any CPU.ActiveCfg = Release|Any CPU
		{FCACF8CD-7B8D-41E3-9647-715E2E505028}.Release|Any CPU.Build.0 = Release|Any CPU
		{F2B4C916-BED0-4F7C-AA37-BFB3E1E04701}.Debug|Any CPU.ActiveCfg = Debug|Any CPU
		{F2B4C916-BED0-4F7C-AA37-BFB3E1E04701}.Debug|Any CPU.Build.0 = Debug|Any CPU
		{F2B4C916-BED0-4F7C-AA37-BFB3E1E04701}.Release|Any CPU.ActiveCfg = Release|Any CPU
		{F2B4C916-BED0-4F7C-AA37-BFB3E1E04701}.Release|Any CPU.Build.0 = Release|Any CPU
		{A345410B-9357-493E-89F4-0BD33C9B6FC4}.Debug|Any CPU.ActiveCfg = Debug|Any CPU
		{A345410B-9357-493E-89F4-0BD33C9B6FC4}.Debug|Any CPU.Build.0 = Debug|Any CPU
		{A345410B-9357-493E-89F4-0BD33C9B6FC4}.Release|Any CPU.ActiveCfg = Release|Any CPU
		{A345410B-9357-493E-89F4-0BD33C9B6FC4}.Release|Any CPU.Build.0 = Release|Any CPU
	EndGlobalSection
	GlobalSection(SolutionProperties) = preSolution
		HideSolutionNode = FALSE
	EndGlobalSection
EndGlobal
